
Microsoft Visual Studio Solution File, Format Version 12.00
# Visual Studio Version 17
VisualStudioVersion = 17.12.35527.113
MinimumVisualStudioVersion = 10.0.40219.1
Project("{FAE04EC0-301F-11D3-BF4B-00C04F79EFBC}") = "Moon Data", "Moon Data.csproj", "{8C21EC74-FD32-4F8A-98DA-A40B9559FFCE}"
EndProject
Project("{FAE04EC0-301F-11D3-BF4B-00C04F79EFBC}") = "Artemis", "..\UIInterface\Artemis.csproj", "{EB456E4E-EF78-4383-898B-913A314837AC}"
EndProject
Project("{FAE04EC0-301F-11D3-BF4B-00C04F79EFBC}") = "Utilities", "..\Utilities\Utilities.csproj", "{19A99E5F-3B54-47D8-AE47-6450697A48BD}"
EndProject
Project("{FAE04EC0-301F-11D3-BF4B-00C04F79EFBC}") = "MoonSearch", "..\MoonSearch\MoonSearch.csproj", "{2AF417C1-D4C0-4CD4-A105-02D318295C1D}"
EndProject
Project("{FAE04EC0-301F-11D3-BF4B-00C04F79EFBC}") = "MoonTests", "..\MoonTests\MoonTests.csproj", "{21958920-AB3D-4DB3-ABA6-AFAEF6EBE002}"
EndProject
Project("{FAE04EC0-301F-11D3-BF4B-00C04F79EFBC}") = "ArtemisUI", "..\ArtemisUI\ArtemisUI.csproj", "{7C538FD0-A777-461F-9C65-2B39934801AE}"
EndProject
Project("{FAE04EC0-301F-11D3-BF4B-00C04F79EFBC}") = "ArtemisWebAPI", "..\ArtemisWebAPI\ArtemisWebAPI.csproj", "{89E9FF5D-90A2-48D9-970E-F7DA02BE2612}"
EndProject
Global
	GlobalSection(SolutionConfigurationPlatforms) = preSolution
		Debug|Any CPU = Debug|Any CPU
		Release|Any CPU = Release|Any CPU
	EndGlobalSection
	GlobalSection(ProjectConfigurationPlatforms) = postSolution
		{8C21EC74-FD32-4F8A-98DA-A40B9559FFCE}.Debug|Any CPU.ActiveCfg = Debug|Any CPU
		{8C21EC74-FD32-4F8A-98DA-A40B9559FFCE}.Debug|Any CPU.Build.0 = Debug|Any CPU
		{8C21EC74-FD32-4F8A-98DA-A40B9559FFCE}.Release|Any CPU.ActiveCfg = Release|Any CPU
		{8C21EC74-FD32-4F8A-98DA-A40B9559FFCE}.Release|Any CPU.Build.0 = Release|Any CPU
		{EB456E4E-EF78-4383-898B-913A314837AC}.Debug|Any CPU.ActiveCfg = Debug|Any CPU
		{EB456E4E-EF78-4383-898B-913A314837AC}.Debug|Any CPU.Build.0 = Debug|Any CPU
		{EB456E4E-EF78-4383-898B-913A314837AC}.Release|Any CPU.ActiveCfg = Release|Any CPU
		{EB456E4E-EF78-4383-898B-913A314837AC}.Release|Any CPU.Build.0 = Release|Any CPU
		{19A99E5F-3B54-47D8-AE47-6450697A48BD}.Debug|Any CPU.ActiveCfg = Debug|Any CPU
		{19A99E5F-3B54-47D8-AE47-6450697A48BD}.Debug|Any CPU.Build.0 = Debug|Any CPU
		{19A99E5F-3B54-47D8-AE47-6450697A48BD}.Release|Any CPU.ActiveCfg = Release|Any CPU
		{19A99E5F-3B54-47D8-AE47-6450697A48BD}.Release|Any CPU.Build.0 = Release|Any CPU
		{2AF417C1-D4C0-4CD4-A105-02D318295C1D}.Debug|Any CPU.ActiveCfg = Debug|Any CPU
		{2AF417C1-D4C0-4CD4-A105-02D318295C1D}.Debug|Any CPU.Build.0 = Debug|Any CPU
		{2AF417C1-D4C0-4CD4-A105-02D318295C1D}.Release|Any CPU.ActiveCfg = Release|Any CPU
		{2AF417C1-D4C0-4CD4-A105-02D318295C1D}.Release|Any CPU.Build.0 = Release|Any CPU
		{21958920-AB3D-4DB3-ABA6-AFAEF6EBE002}.Debug|Any CPU.ActiveCfg = Debug|Any CPU
		{21958920-AB3D-4DB3-ABA6-AFAEF6EBE002}.Debug|Any CPU.Build.0 = Debug|Any CPU
		{21958920-AB3D-4DB3-ABA6-AFAEF6EBE002}.Release|Any CPU.ActiveCfg = Release|Any CPU
		{21958920-AB3D-4DB3-ABA6-AFAEF6EBE002}.Release|Any CPU.Build.0 = Release|Any CPU
		{7C538FD0-A777-461F-9C65-2B39934801AE}.Debug|Any CPU.ActiveCfg = Debug|x64
		{7C538FD0-A777-461F-9C65-2B39934801AE}.Debug|Any CPU.Build.0 = Debug|x64
		{7C538FD0-A777-461F-9C65-2B39934801AE}.Debug|Any CPU.Deploy.0 = Debug|x64
		{7C538FD0-A777-461F-9C65-2B39934801AE}.Release|Any CPU.ActiveCfg = Release|x64
		{7C538FD0-A777-461F-9C65-2B39934801AE}.Release|Any CPU.Build.0 = Release|x64
		{7C538FD0-A777-461F-9C65-2B39934801AE}.Release|Any CPU.Deploy.0 = Release|x64
		{89E9FF5D-90A2-48D9-970E-F7DA02BE2612}.Debug|Any CPU.ActiveCfg = Debug|Any CPU
		{89E9FF5D-90A2-48D9-970E-F7DA02BE2612}.Debug|Any CPU.Build.0 = Debug|Any CPU
		{89E9FF5D-90A2-48D9-970E-F7DA02BE2612}.Release|Any CPU.ActiveCfg = Release|Any CPU
		{89E9FF5D-90A2-48D9-970E-F7DA02BE2612}.Release|Any CPU.Build.0 = Release|Any CPU
	EndGlobalSection
	GlobalSection(SolutionProperties) = preSolution
		HideSolutionNode = FALSE
	EndGlobalSection
	GlobalSection(ExtensibilityGlobals) = postSolution
		SolutionGuid = {1F24E666-AE01-4A1F-8EAD-49B21628E732}
	EndGlobalSection
EndGlobal
